
Microsoft Visual Studio Solution File, Format Version 12.00
# Visual Studio Version 16
VisualStudioVersion = 16.0.31410.357
MinimumVisualStudioVersion = 10.0.40219.1
Project("{2150E333-8FDC-42A3-9474-1A3956D46DE8}") = "src", "src", "{73852ED5-B77E-4FA5-A024-98880CE97FBB}"
EndProject
Project("{FAE04EC0-301F-11D3-BF4B-00C04F79EFBC}") = "Bev.MongoNet.Api", "Bev.MongoNet.Api\Bev.MongoNet.Api.csproj", "{8EDCB944-5125-4B9A-803E-28E9FDBB78D0}"
EndProject
Project("{FAE04EC0-301F-11D3-BF4B-00C04F79EFBC}") = "Bev.MongoNet.Mongo", "Bev.MongoNet.Mongo\Bev.MongoNet.Mongo.csproj", "{A1120416-025D-48B3-A56A-46CFB2948873}"
EndProject
Global
	GlobalSection(SolutionConfigurationPlatforms) = preSolution
		Debug|Any CPU = Debug|Any CPU
		Release|Any CPU = Release|Any CPU
	EndGlobalSection
	GlobalSection(ProjectConfigurationPlatforms) = postSolution
		{8EDCB944-5125-4B9A-803E-28E9FDBB78D0}.Debug|Any CPU.ActiveCfg = Debug|Any CPU
		{8EDCB944-5125-4B9A-803E-28E9FDBB78D0}.Debug|Any CPU.Build.0 = Debug|Any CPU
		{8EDCB944-5125-4B9A-803E-28E9FDBB78D0}.Release|Any CPU.ActiveCfg = Release|Any CPU
		{8EDCB944-5125-4B9A-803E-28E9FDBB78D0}.Release|Any CPU.Build.0 = Release|Any CPU
		{A1120416-025D-48B3-A56A-46CFB2948873}.Debug|Any CPU.ActiveCfg = Debug|Any CPU
		{A1120416-025D-48B3-A56A-46CFB2948873}.Debug|Any CPU.Build.0 = Debug|Any CPU
		{A1120416-025D-48B3-A56A-46CFB2948873}.Release|Any CPU.ActiveCfg = Release|Any CPU
		{A1120416-025D-48B3-A56A-46CFB2948873}.Release|Any CPU.Build.0 = Release|Any CPU
	EndGlobalSection
	GlobalSection(SolutionProperties) = preSolution
		HideSolutionNode = FALSE
	EndGlobalSection
	GlobalSection(NestedProjects) = preSolution
		{8EDCB944-5125-4B9A-803E-28E9FDBB78D0} = {73852ED5-B77E-4FA5-A024-98880CE97FBB}
		{A1120416-025D-48B3-A56A-46CFB2948873} = {73852ED5-B77E-4FA5-A024-98880CE97FBB}
	EndGlobalSection
	GlobalSection(ExtensibilityGlobals) = postSolution
		SolutionGuid = {0ABAB804-1AF3-41E0-8F9E-E6CE4BF8F846}
	EndGlobalSection
EndGlobal
